
Microsoft Visual Studio Solution File, Format Version 12.00
# Visual Studio Version 16
VisualStudioVersion = 16.0.31112.23
MinimumVisualStudioVersion = 10.0.40219.1
Project("{FAE04EC0-301F-11D3-BF4B-00C04F79EFBC}") = "EntityFramework", "EntityFramework\EntityFramework.csproj", "{DC9D981D-7125-4541-A798-972C5B417BF8}"
EndProject
Global
	GlobalSection(SolutionConfigurationPlatforms) = preSolution
		Debug|Any CPU = Debug|Any CPU
		Release|Any CPU = Release|Any CPU
	EndGlobalSection
	GlobalSection(ProjectConfigurationPlatforms) = postSolution
		{DC9D981D-7125-4541-A798-972C5B417BF8}.Debug|Any CPU.ActiveCfg = Debug|Any CPU
		{DC9D981D-7125-4541-A798-972C5B417BF8}.Debug|Any CPU.Build.0 = Debug|Any CPU
		{DC9D981D-7125-4541-A798-972C5B417BF8}.Release|Any CPU.ActiveCfg = Release|Any CPU
		{DC9D981D-7125-4541-A798-972C5B417BF8}.Release|Any CPU.Build.0 = Release|Any CPU
	EndGlobalSection
	GlobalSection(SolutionProperties) = preSolution
		HideSolutionNode = FALSE
	EndGlobalSection
	GlobalSection(ExtensibilityGlobals) = postSolution
		SolutionGuid = {61428EDB-3254-43F9-B171-C800B873DEB8}
	EndGlobalSection
EndGlobal
